
Microsoft Visual Studio Solution File, Format Version 12.00
# Visual Studio Version 17
VisualStudioVersion = 17.10.35027.167
MinimumVisualStudioVersion = 10.0.40219.1
Project("{FAE04EC0-301F-11D3-BF4B-00C04F79EFBC}") = "RayTracingInWeekend", "RayTracingInWeekend\RayTracingInWeekend.csproj", "{232CF6C5-7FEE-437F-B1CB-9B5EB7DBA731}"
EndProject
Global
	GlobalSection(SolutionConfigurationPlatforms) = preSolution
		Debug|Any CPU = Debug|Any CPU
		Release|Any CPU = Release|Any CPU
	EndGlobalSection
	GlobalSection(ProjectConfigurationPlatforms) = postSolution
		{232CF6C5-7FEE-437F-B1CB-9B5EB7DBA731}.Debug|Any CPU.ActiveCfg = Debug|Any CPU
		{232CF6C5-7FEE-437F-B1CB-9B5EB7DBA731}.Debug|Any CPU.Build.0 = Debug|Any CPU
		{232CF6C5-7FEE-437F-B1CB-9B5EB7DBA731}.Release|Any CPU.ActiveCfg = Release|Any CPU
		{232CF6C5-7FEE-437F-B1CB-9B5EB7DBA731}.Release|Any CPU.Build.0 = Release|Any CPU
	EndGlobalSection
	GlobalSection(SolutionProperties) = preSolution
		HideSolutionNode = FALSE
	EndGlobalSection
	GlobalSection(ExtensibilityGlobals) = postSolution
		SolutionGuid = {1246A38B-5A08-45E6-A892-08E60ADD4D49}
	EndGlobalSection
EndGlobal
